
Microsoft Visual Studio Solution File, Format Version 12.00
# Visual Studio Version 16
VisualStudioVersion = 16.0.29911.84
MinimumVisualStudioVersion = 10.0.40219.1
Project("{F184B08F-C81C-45F6-A57F-5ABD9991F28F}") = "Otalio.Import", "Otalio.Import\Otalio.Import.vbproj", "{928527BD-54A8-4986-B7B5-676A62B5F230}"
EndProject
Project("{54435603-DBB4-11D2-8724-00A0C9A8B90C}") = "Otalio Import Tool", "Otalio Import Tool\Otalio Import Tool.vdproj", "{7FEE5CC3-170C-4E1D-B9DA-D34ABA7243A5}"
EndProject
Global
	GlobalSection(SolutionConfigurationPlatforms) = preSolution
		Debug|Any CPU = Debug|Any CPU
		Release|Any CPU = Release|Any CPU
	EndGlobalSection
	GlobalSection(ProjectConfigurationPlatforms) = postSolution
		{928527BD-54A8-4986-B7B5-676A62B5F230}.Debug|Any CPU.ActiveCfg = Debug|Any CPU
		{928527BD-54A8-4986-B7B5-676A62B5F230}.Debug|Any CPU.Build.0 = Debug|Any CPU
		{928527BD-54A8-4986-B7B5-676A62B5F230}.Release|Any CPU.ActiveCfg = Release|Any CPU
		{928527BD-54A8-4986-B7B5-676A62B5F230}.Release|Any CPU.Build.0 = Release|Any CPU
		{7FEE5CC3-170C-4E1D-B9DA-D34ABA7243A5}.Debug|Any CPU.ActiveCfg = Debug
		{7FEE5CC3-170C-4E1D-B9DA-D34ABA7243A5}.Release|Any CPU.ActiveCfg = Release
		{7FEE5CC3-170C-4E1D-B9DA-D34ABA7243A5}.Release|Any CPU.Build.0 = Release
	EndGlobalSection
	GlobalSection(SolutionProperties) = preSolution
		HideSolutionNode = FALSE
	EndGlobalSection
	GlobalSection(ExtensibilityGlobals) = postSolution
		SolutionGuid = {637B6105-BD99-4AA1-BC34-D31DFB6DBE5A}
	EndGlobalSection
EndGlobal
